
Microsoft Visual Studio Solution File, Format Version 12.00
# Visual Studio Version 17
VisualStudioVersion = 17.4.33213.308
MinimumVisualStudioVersion = 10.0.40219.1
Project("{FAE04EC0-301F-11D3-BF4B-00C04F79EFBC}") = "ConsoleApp1", "ConsoleApp1\ConsoleApp1.csproj", "{4224D52F-CC90-401D-A6F0-3FBF256CCE51}"
EndProject
Global
	GlobalSection(SolutionConfigurationPlatforms) = preSolution
		Debug|Any CPU = Debug|Any CPU
		Release|Any CPU = Release|Any CPU
	EndGlobalSection
	GlobalSection(ProjectConfigurationPlatforms) = postSolution
		{4224D52F-CC90-401D-A6F0-3FBF256CCE51}.Debug|Any CPU.ActiveCfg = Debug|Any CPU
		{4224D52F-CC90-401D-A6F0-3FBF256CCE51}.Debug|Any CPU.Build.0 = Debug|Any CPU
		{4224D52F-CC90-401D-A6F0-3FBF256CCE51}.Release|Any CPU.ActiveCfg = Release|Any CPU
		{4224D52F-CC90-401D-A6F0-3FBF256CCE51}.Release|Any CPU.Build.0 = Release|Any CPU
	EndGlobalSection
	GlobalSection(SolutionProperties) = preSolution
		HideSolutionNode = FALSE
	EndGlobalSection
	GlobalSection(ExtensibilityGlobals) = postSolution
		SolutionGuid = {ABC21940-B4D3-4F6A-97FB-2EFEDCCC7642}
	EndGlobalSection
EndGlobal
